
Microsoft Visual Studio Solution File, Format Version 12.00
# Visual Studio Version 17
VisualStudioVersion = 17.10.35004.147
MinimumVisualStudioVersion = 10.0.40219.1
Project("{FAE04EC0-301F-11D3-BF4B-00C04F79EFBC}") = "FoodDeliveryAdminApp", "FoodDeliveryAdminApp\FoodDeliveryAdminApp.csproj", "{B8133051-665E-4167-8297-27CAF6BAF0D7}"
EndProject
Global
	GlobalSection(SolutionConfigurationPlatforms) = preSolution
		Debug|Any CPU = Debug|Any CPU
		Release|Any CPU = Release|Any CPU
	EndGlobalSection
	GlobalSection(ProjectConfigurationPlatforms) = postSolution
		{B8133051-665E-4167-8297-27CAF6BAF0D7}.Debug|Any CPU.ActiveCfg = Debug|Any CPU
		{B8133051-665E-4167-8297-27CAF6BAF0D7}.Debug|Any CPU.Build.0 = Debug|Any CPU
		{B8133051-665E-4167-8297-27CAF6BAF0D7}.Release|Any CPU.ActiveCfg = Release|Any CPU
		{B8133051-665E-4167-8297-27CAF6BAF0D7}.Release|Any CPU.Build.0 = Release|Any CPU
	EndGlobalSection
	GlobalSection(SolutionProperties) = preSolution
		HideSolutionNode = FALSE
	EndGlobalSection
	GlobalSection(ExtensibilityGlobals) = postSolution
		SolutionGuid = {81545022-EACF-4189-A63E-08C8D7089774}
	EndGlobalSection
EndGlobal
